
Microsoft Visual Studio Solution File, Format Version 12.00
# Visual Studio 15
VisualStudioVersion = 15.0.27703.2047
MinimumVisualStudioVersion = 10.0.40219.1
Project("{FAE04EC0-301F-11D3-BF4B-00C04F79EFBC}") = "RawAppInsights", "RawAppInsights\RawAppInsights.csproj", "{25104F2E-AADB-4C0A-8726-01154217F8B9}"
EndProject
Project("{FAE04EC0-301F-11D3-BF4B-00C04F79EFBC}") = "Gash", "Gash\Gash.csproj", "{ACE9146C-6CB5-44EE-9847-E0020CC3E0DC}"
EndProject
Global
	GlobalSection(SolutionConfigurationPlatforms) = preSolution
		Debug|Any CPU = Debug|Any CPU
		Release|Any CPU = Release|Any CPU
	EndGlobalSection
	GlobalSection(ProjectConfigurationPlatforms) = postSolution
		{25104F2E-AADB-4C0A-8726-01154217F8B9}.Debug|Any CPU.ActiveCfg = Debug|Any CPU
		{25104F2E-AADB-4C0A-8726-01154217F8B9}.Debug|Any CPU.Build.0 = Debug|Any CPU
		{25104F2E-AADB-4C0A-8726-01154217F8B9}.Release|Any CPU.ActiveCfg = Release|Any CPU
		{25104F2E-AADB-4C0A-8726-01154217F8B9}.Release|Any CPU.Build.0 = Release|Any CPU
		{ACE9146C-6CB5-44EE-9847-E0020CC3E0DC}.Debug|Any CPU.ActiveCfg = Debug|Any CPU
		{ACE9146C-6CB5-44EE-9847-E0020CC3E0DC}.Debug|Any CPU.Build.0 = Debug|Any CPU
		{ACE9146C-6CB5-44EE-9847-E0020CC3E0DC}.Release|Any CPU.ActiveCfg = Release|Any CPU
		{ACE9146C-6CB5-44EE-9847-E0020CC3E0DC}.Release|Any CPU.Build.0 = Release|Any CPU
	EndGlobalSection
	GlobalSection(SolutionProperties) = preSolution
		HideSolutionNode = FALSE
	EndGlobalSection
	GlobalSection(ExtensibilityGlobals) = postSolution
		SolutionGuid = {84E980BF-4877-42DB-8062-655184CCAF73}
	EndGlobalSection
EndGlobal
